
Microsoft Visual Studio Solution File, Format Version 12.00
# Visual Studio Version 17
VisualStudioVersion = 17.9.34728.123
MinimumVisualStudioVersion = 10.0.40219.1
Project("{9A19103F-16F7-4668-BE54-9A1E7A4F7556}") = "SamaraProject1", "SamaraProject1\SamaraProject1.csproj", "{BCFBF144-5EE0-48DF-B7FD-CC00982F7A2E}"
EndProject
Global
	GlobalSection(SolutionConfigurationPlatforms) = preSolution
		Debug|Any CPU = Debug|Any CPU
		Release|Any CPU = Release|Any CPU
	EndGlobalSection
	GlobalSection(ProjectConfigurationPlatforms) = postSolution
		{BCFBF144-5EE0-48DF-B7FD-CC00982F7A2E}.Debug|Any CPU.ActiveCfg = Debug|Any CPU
		{BCFBF144-5EE0-48DF-B7FD-CC00982F7A2E}.Debug|Any CPU.Build.0 = Debug|Any CPU
		{BCFBF144-5EE0-48DF-B7FD-CC00982F7A2E}.Release|Any CPU.ActiveCfg = Release|Any CPU
		{BCFBF144-5EE0-48DF-B7FD-CC00982F7A2E}.Release|Any CPU.Build.0 = Release|Any CPU
	EndGlobalSection
	GlobalSection(SolutionProperties) = preSolution
		HideSolutionNode = FALSE
	EndGlobalSection
	GlobalSection(ExtensibilityGlobals) = postSolution
		SolutionGuid = {38BC4C77-B71A-483E-AF97-DC4EDF0DBD8C}
	EndGlobalSection
EndGlobal
